{
  "name": "ricui-workspace",
  "version": "0.1.0",
  "lockfileVersion": 3,
  "requires": true,
  "packages": {
    "": {
      "name": "ricui-workspace",
      "version": "0.1.0",
      "workspaces": [
        "packages/*"
      ]
    },
    "node_modules/@ric/emoji": {
      "resolved": "packages/emoji",
      "link": true
    },
    "node_modules/@ric/icons": {
      "resolved": "packages/icons",
      "link": true
    },
    "node_modules/@ric/map-ui": {
      "resolved": "packages/map-ui",
      "link": true
    },
    "node_modules/@ric/ui": {
      "resolved": "packages/ui",
      "link": true
    },
    "node_modules/@ric/ui-core": {
      "resolved": "packages/ui-core",
      "link": true
    },
    "node_modules/@ric/ui-tokens": {
      "resolved": "packages/ui-tokens",
      "link": true
    },
    "packages/emoji": {
      "name": "@ric/emoji",
      "version": "0.1.0"
    },
    "packages/icons": {
      "name": "@ric/icons",
      "version": "0.1.0"
    },
    "packages/map-ui": {
      "name": "@ric/map-ui",
      "version": "0.1.0"
    },
    "packages/ui": {
      "name": "@ric/ui",
      "version": "0.1.0",
      "dependencies": {
        "@ric/emoji": "0.1.0",
        "@ric/icons": "0.1.0",
        "@ric/map-ui": "0.1.0",
        "@ric/ui-core": "0.1.0",
        "@ric/ui-tokens": "0.1.0"
      }
    },
    "packages/ui-core": {
      "name": "@ric/ui-core",
      "version": "0.1.0"
    },
    "packages/ui-tokens": {
      "name": "@ric/ui-tokens",
      "version": "0.1.0"
    }
  }
}
